
Microsoft Visual Studio Solution File, Format Version 12.00
# Visual Studio Version 17
VisualStudioVersion = 17.5.33502.453
MinimumVisualStudioVersion = 10.0.40219.1
Project("{9A19103F-16F7-4668-BE54-9A1E7A4F7556}") = "SecurityApp.Console", "SecurityApp.Console\SecurityApp.Console.csproj", "{81EC753B-51B7-495A-A358-5DDE9CDDE544}"
EndProject
Project("{FAE04EC0-301F-11D3-BF4B-00C04F79EFBC}") = "SecurityApp.WebApi", "SecurityApp.WebApi\SecurityApp.WebApi.csproj", "{6BBD7756-F545-44D0-9D46-423BBD5C452C}"
EndProject
Global
	GlobalSection(SolutionConfigurationPlatforms) = preSolution
		Debug|Any CPU = Debug|Any CPU
		Release|Any CPU = Release|Any CPU
	EndGlobalSection
	GlobalSection(ProjectConfigurationPlatforms) = postSolution
		{81EC753B-51B7-495A-A358-5DDE9CDDE544}.Debug|Any CPU.ActiveCfg = Debug|Any CPU
		{81EC753B-51B7-495A-A358-5DDE9CDDE544}.Debug|Any CPU.Build.0 = Debug|Any CPU
		{81EC753B-51B7-495A-A358-5DDE9CDDE544}.Release|Any CPU.ActiveCfg = Release|Any CPU
		{81EC753B-51B7-495A-A358-5DDE9CDDE544}.Release|Any CPU.Build.0 = Release|Any CPU
		{6BBD7756-F545-44D0-9D46-423BBD5C452C}.Debug|Any CPU.ActiveCfg = Debug|Any CPU
		{6BBD7756-F545-44D0-9D46-423BBD5C452C}.Debug|Any CPU.Build.0 = Debug|Any CPU
		{6BBD7756-F545-44D0-9D46-423BBD5C452C}.Release|Any CPU.ActiveCfg = Release|Any CPU
		{6BBD7756-F545-44D0-9D46-423BBD5C452C}.Release|Any CPU.Build.0 = Release|Any CPU
	EndGlobalSection
	GlobalSection(SolutionProperties) = preSolution
		HideSolutionNode = FALSE
	EndGlobalSection
	GlobalSection(ExtensibilityGlobals) = postSolution
		SolutionGuid = {118997AD-C51F-465D-B6CB-F7D3B94CDFE8}
	EndGlobalSection
EndGlobal
